apiVersion: vendir.k14s.io/v1alpha1
directories:
- contents:
  - git:
      commitTitle: Added the id in the SessionPlayerRace to allow easy deletion from
        client side
      sha: 168e90a49bc405c3fbe1b21e1425cfdec551f06f
      tags:
      - v0.9.4-6-g168e90a
    path: .
  path: dependencies/neper
kind: LockConfig
